// !$*UTF8*$!
{
	archiveVersion = 1;
	classes = {
	};
	objectVersion = 56;
	objects = {

/* Begin PBXBuildFile section */
		300A6C5D2DDD6FAF00F93806 /* AppDelegate.swift in Sources */ = {isa = PBXBuildFile; fileRef = 300A6C5C2DDD6FAF00F93806 /* AppDelegate.swift */; };
		300A6C5F2DDD6FAF00F93806 /* SceneDelegate.swift in Sources */ = {isa = PBXBuildFile; fileRef = 300A6C5E2DDD6FAF00F93806 /* SceneDelegate.swift */; };
		300A6C672DDD6FAF00F93806 /* MeliChallengeiOS.xcdatamodeld in Sources */ = {isa = PBXBuildFile; fileRef = 300A6C652DDD6FAF00F93806 /* MeliChallengeiOS.xcdatamodeld */; };
		300A6C692DDD6FAF00F93806 /* Assets.xcassets in Resources */ = {isa = PBXBuildFile; fileRef = 300A6C682DDD6FAF00F93806 /* Assets.xcassets */; };
		300A6C772DDD6FB000F93806 /* MeliChallengeiOSTests.swift in Sources */ = {isa = PBXBuildFile; fileRef = 300A6C762DDD6FB000F93806 /* MeliChallengeiOSTests.swift */; };
		300A6C812DDD6FB000F93806 /* MeliChallengeiOSUITests.swift in Sources */ = {isa = PBXBuildFile; fileRef = 300A6C802DDD6FB000F93806 /* MeliChallengeiOSUITests.swift */; };
		300A6C832DDD6FB000F93806 /* MeliChallengeiOSUITestsLaunchTests.swift in Sources */ = {isa = PBXBuildFile; fileRef = 300A6C822DDD6FB000F93806 /* MeliChallengeiOSUITestsLaunchTests.swift */; };
		300A6C962DDD708400F93806 /* SearchViewController.swift in Sources */ = {isa = PBXBuildFile; fileRef = 300A6C952DDD708400F93806 /* SearchViewController.swift */; };
		300A6C992DDD70AC00F93806 /* SnapKit in Frameworks */ = {isa = PBXBuildFile; productRef = 300A6C982DDD70AC00F93806 /* SnapKit */; };
		300A6C9B2DDD70AC00F93806 /* SnapKit-Dynamic in Frameworks */ = {isa = PBXBuildFile; productRef = 300A6C9A2DDD70AC00F93806 /* SnapKit-Dynamic */; };
		300A6C9D2DDD70BB00F93806 /* SearchFactory.swift in Sources */ = {isa = PBXBuildFile; fileRef = 300A6C9C2DDD70BB00F93806 /* SearchFactory.swift */; };
		300A6C9F2DDD70D100F93806 /* SearchViewModel.swift in Sources */ = {isa = PBXBuildFile; fileRef = 300A6C9E2DDD70D100F93806 /* SearchViewModel.swift */; };
		300A6CA12DDD70EA00F93806 /* ProductDetailViewController.swift in Sources */ = {isa = PBXBuildFile; fileRef = 300A6CA02DDD70EA00F93806 /* ProductDetailViewController.swift */; };
		300A6CA32DDD710B00F93806 /* ProductDetailViewModel.swift in Sources */ = {isa = PBXBuildFile; fileRef = 300A6CA22DDD710B00F93806 /* ProductDetailViewModel.swift */; };
		300A6CA52DDD711F00F93806 /* ProductDetailFactory.swift in Sources */ = {isa = PBXBuildFile; fileRef = 300A6CA42DDD711F00F93806 /* ProductDetailFactory.swift */; };
		300A6CA72DDD713B00F93806 /* MainNavigationController.swift in Sources */ = {isa = PBXBuildFile; fileRef = 300A6CA62DDD713B00F93806 /* MainNavigationController.swift */; };
		306CE1DF2DE3B13A005F2A83 /* Kingfisher in Frameworks */ = {isa = PBXBuildFile; productRef = 306CE1DE2DE3B13A005F2A83 /* Kingfisher */; };
		306CE1E12DE3C4A6005F2A83 /* UIImagePlaceholder.swift in Sources */ = {isa = PBXBuildFile; fileRef = 306CE1E02DE3C4A6005F2A83 /* UIImagePlaceholder.swift */; };
		306CE1E32DE3E062005F2A83 /* CurrencyUtils.swift in Sources */ = {isa = PBXBuildFile; fileRef = 306CE1E22DE3E062005F2A83 /* CurrencyUtils.swift */; };
		30BFFE7D2DDFCBFA0045AFC1 /* SearchProductNicknameResponse.swift in Sources */ = {isa = PBXBuildFile; fileRef = 30BFFE7C2DDFCBFA0045AFC1 /* SearchProductNicknameResponse.swift */; };
		30BFFE7F2DDFCDE80045AFC1 /* Constants.swift in Sources */ = {isa = PBXBuildFile; fileRef = 30BFFE7E2DDFCDE80045AFC1 /* Constants.swift */; };
		30BFFE822DDFD1080045AFC1 /* SearchStrings.swift in Sources */ = {isa = PBXBuildFile; fileRef = 30BFFE812DDFD1080045AFC1 /* SearchStrings.swift */; };
		30BFFE872DDFD3830045AFC1 /* Localizable.strings in Resources */ = {isa = PBXBuildFile; fileRef = 30BFFE892DDFD3830045AFC1 /* Localizable.strings */; };
		30BFFE8D2DDFD7470045AFC1 /* ImageResource+UIImage.swift in Sources */ = {isa = PBXBuildFile; fileRef = 30BFFE8C2DDFD7470045AFC1 /* ImageResource+UIImage.swift */; };
		30BFFE902DDFDF1F0045AFC1 /* ListingProductsViewController.swift in Sources */ = {isa = PBXBuildFile; fileRef = 30BFFE8F2DDFDF1F0045AFC1 /* ListingProductsViewController.swift */; };
		30BFFE922DDFDF480045AFC1 /* ListingProductsFactory.swift in Sources */ = {isa = PBXBuildFile; fileRef = 30BFFE912DDFDF480045AFC1 /* ListingProductsFactory.swift */; };
		30BFFE942DDFDF7F0045AFC1 /* ListingProductViewModel.swift in Sources */ = {isa = PBXBuildFile; fileRef = 30BFFE932DDFDF7F0045AFC1 /* ListingProductViewModel.swift */; };
		30BFFE972DDFE3C60045AFC1 /* SearchTextField.swift in Sources */ = {isa = PBXBuildFile; fileRef = 30BFFE962DDFE3C60045AFC1 /* SearchTextField.swift */; };
		30BFFE9A2DE007E80045AFC1 /* NetworkRequest.swift in Sources */ = {isa = PBXBuildFile; fileRef = 30BFFE992DE007E80045AFC1 /* NetworkRequest.swift */; };
		30BFFE9D2DE0091A0045AFC1 /* NetworkService.swift in Sources */ = {isa = PBXBuildFile; fileRef = 30BFFE9C2DE0091A0045AFC1 /* NetworkService.swift */; };
		30BFFEA02DE0098F0045AFC1 /* Interceptor.swift in Sources */ = {isa = PBXBuildFile; fileRef = 30BFFE9F2DE0098F0045AFC1 /* Interceptor.swift */; };
		30BFFEA22DE009BA0045AFC1 /* TokenManager.swift in Sources */ = {isa = PBXBuildFile; fileRef = 30BFFEA12DE009BA0045AFC1 /* TokenManager.swift */; };
		30BFFEA42DE00AA90045AFC1 /* SearchNickNameRequest.swift in Sources */ = {isa = PBXBuildFile; fileRef = 30BFFEA32DE00AA90045AFC1 /* SearchNickNameRequest.swift */; };
		30BFFEA62DE01A0B0045AFC1 /* UIAlert.swift in Sources */ = {isa = PBXBuildFile; fileRef = 30BFFEA52DE01A0B0045AFC1 /* UIAlert.swift */; };
		30BFFEA92DE01C7C0045AFC1 /* NetworkLogger.swift in Sources */ = {isa = PBXBuildFile; fileRef = 30BFFEA82DE01C7C0045AFC1 /* NetworkLogger.swift */; };
		30BFFEAB2DE01CA40045AFC1 /* ConsoleLogger.swift in Sources */ = {isa = PBXBuildFile; fileRef = 30BFFEAA2DE01CA40045AFC1 /* ConsoleLogger.swift */; };
		30E511EF2DE3944F00485CF5 /* LaunchScreen.storyboard in Resources */ = {isa = PBXBuildFile; fileRef = 30E511EE2DE3944F00485CF5 /* LaunchScreen.storyboard */; };
		30E511F42DE3971100485CF5 /* ListingProductsCell.swift in Sources */ = {isa = PBXBuildFile; fileRef = 30E511F32DE3971100485CF5 /* ListingProductsCell.swift */; };
		30E511F52DE3AA4700485CF5 /* SearchResponseMock.json in Resources */ = {isa = PBXBuildFile; fileRef = 30E511F12DE3965F00485CF5 /* SearchResponseMock.json */; };
		30E62B422DDE9E2500DFD53F /* SearchManager.swift in Sources */ = {isa = PBXBuildFile; fileRef = 30E62B412DDE9E2500DFD53F /* SearchManager.swift */; };
/* End PBXBuildFile section */

/* Begin PBXContainerItemProxy section */
		300A6C732DDD6FB000F93806 /* PBXContainerItemProxy */ = {
			isa = PBXContainerItemProxy;
			containerPortal = 300A6C512DDD6FAF00F93806 /* Project object */;
			proxyType = 1;
			remoteGlobalIDString = 300A6C582DDD6FAF00F93806;
			remoteInfo = MeliChallengeiOS;
		};
		300A6C7D2DDD6FB000F93806 /* PBXContainerItemProxy */ = {
			isa = PBXContainerItemProxy;
			containerPortal = 300A6C512DDD6FAF00F93806 /* Project object */;
			proxyType = 1;
			remoteGlobalIDString = 300A6C582DDD6FAF00F93806;
			remoteInfo = MeliChallengeiOS;
		};
/* End PBXContainerItemProxy section */

/* Begin PBXFileReference section */
		300A6C592DDD6FAF00F93806 /* MeliChallengeiOS.app */ = {isa = PBXFileReference; explicitFileType = wrapper.application; includeInIndex = 0; path = MeliChallengeiOS.app; sourceTree = BUILT_PRODUCTS_DIR; };
		300A6C5C2DDD6FAF00F93806 /* AppDelegate.swift */ = {isa = PBXFileReference; lastKnownFileType = sourcecode.swift; path = AppDelegate.swift; sourceTree = "<group>"; };
		300A6C5E2DDD6FAF00F93806 /* SceneDelegate.swift */ = {isa = PBXFileReference; lastKnownFileType = sourcecode.swift; path = SceneDelegate.swift; sourceTree = "<group>"; };
		300A6C662DDD6FAF00F93806 /* MeliChallengeiOS.xcdatamodel */ = {isa = PBXFileReference; lastKnownFileType = wrapper.xcdatamodel; path = MeliChallengeiOS.xcdatamodel; sourceTree = "<group>"; };
		300A6C682DDD6FAF00F93806 /* Assets.xcassets */ = {isa = PBXFileReference; lastKnownFileType = folder.assetcatalog; path = Assets.xcassets; sourceTree = "<group>"; };
		300A6C6D2DDD6FAF00F93806 /* Info.plist */ = {isa = PBXFileReference; lastKnownFileType = text.plist.xml; path = Info.plist; sourceTree = "<group>"; };
		300A6C722DDD6FB000F93806 /* MeliChallengeiOSTests.xctest */ = {isa = PBXFileReference; explicitFileType = wrapper.cfbundle; includeInIndex = 0; path = MeliChallengeiOSTests.xctest; sourceTree = BUILT_PRODUCTS_DIR; };
		300A6C762DDD6FB000F93806 /* MeliChallengeiOSTests.swift */ = {isa = PBXFileReference; lastKnownFileType = sourcecode.swift; path = MeliChallengeiOSTests.swift; sourceTree = "<group>"; };
		300A6C7C2DDD6FB000F93806 /* MeliChallengeiOSUITests.xctest */ = {isa = PBXFileReference; explicitFileType = wrapper.cfbundle; includeInIndex = 0; path = MeliChallengeiOSUITests.xctest; sourceTree = BUILT_PRODUCTS_DIR; };
		300A6C802DDD6FB000F93806 /* MeliChallengeiOSUITests.swift */ = {isa = PBXFileReference; lastKnownFileType = sourcecode.swift; path = MeliChallengeiOSUITests.swift; sourceTree = "<group>"; };
		300A6C822DDD6FB000F93806 /* MeliChallengeiOSUITestsLaunchTests.swift */ = {isa = PBXFileReference; lastKnownFileType = sourcecode.swift; path = MeliChallengeiOSUITestsLaunchTests.swift; sourceTree = "<group>"; };
		300A6C952DDD708400F93806 /* SearchViewController.swift */ = {isa = PBXFileReference; lastKnownFileType = sourcecode.swift; path = SearchViewController.swift; sourceTree = "<group>"; };
		300A6C9C2DDD70BB00F93806 /* SearchFactory.swift */ = {isa = PBXFileReference; lastKnownFileType = sourcecode.swift; path = SearchFactory.swift; sourceTree = "<group>"; };
		300A6C9E2DDD70D100F93806 /* SearchViewModel.swift */ = {isa = PBXFileReference; lastKnownFileType = sourcecode.swift; path = SearchViewModel.swift; sourceTree = "<group>"; };
		300A6CA02DDD70EA00F93806 /* ProductDetailViewController.swift */ = {isa = PBXFileReference; lastKnownFileType = sourcecode.swift; path = ProductDetailViewController.swift; sourceTree = "<group>"; };
		300A6CA22DDD710B00F93806 /* ProductDetailViewModel.swift */ = {isa = PBXFileReference; lastKnownFileType = sourcecode.swift; path = ProductDetailViewModel.swift; sourceTree = "<group>"; };
		300A6CA42DDD711F00F93806 /* ProductDetailFactory.swift */ = {isa = PBXFileReference; lastKnownFileType = sourcecode.swift; path = ProductDetailFactory.swift; sourceTree = "<group>"; };
		300A6CA62DDD713B00F93806 /* MainNavigationController.swift */ = {isa = PBXFileReference; lastKnownFileType = sourcecode.swift; path = MainNavigationController.swift; sourceTree = "<group>"; };
		306CE1E02DE3C4A6005F2A83 /* UIImagePlaceholder.swift */ = {isa = PBXFileReference; lastKnownFileType = sourcecode.swift; path = UIImagePlaceholder.swift; sourceTree = "<group>"; };
		306CE1E22DE3E062005F2A83 /* CurrencyUtils.swift */ = {isa = PBXFileReference; lastKnownFileType = sourcecode.swift; path = CurrencyUtils.swift; sourceTree = "<group>"; };
		30BFFE7C2DDFCBFA0045AFC1 /* SearchProductNicknameResponse.swift */ = {isa = PBXFileReference; lastKnownFileType = sourcecode.swift; path = SearchProductNicknameResponse.swift; sourceTree = "<group>"; };
		30BFFE7E2DDFCDE80045AFC1 /* Constants.swift */ = {isa = PBXFileReference; lastKnownFileType = sourcecode.swift; path = Constants.swift; sourceTree = "<group>"; };
		30BFFE812DDFD1080045AFC1 /* SearchStrings.swift */ = {isa = PBXFileReference; lastKnownFileType = sourcecode.swift; path = SearchStrings.swift; sourceTree = "<group>"; };
		30BFFE882DDFD3830045AFC1 /* pt-BR */ = {isa = PBXFileReference; lastKnownFileType = text.plist.strings; name = "pt-BR"; path = "pt-BR.lproj/Localizable.strings"; sourceTree = "<group>"; };
		30BFFE8A2DDFD3F60045AFC1 /* en */ = {isa = PBXFileReference; lastKnownFileType = text.plist.strings; name = en; path = en.lproj/Localizable.strings; sourceTree = "<group>"; };
		30BFFE8B2DDFD3F70045AFC1 /* es-419 */ = {isa = PBXFileReference; lastKnownFileType = text.plist.strings; name = "es-419"; path = "es-419.lproj/Localizable.strings"; sourceTree = "<group>"; };
		30BFFE8C2DDFD7470045AFC1 /* ImageResource+UIImage.swift */ = {isa = PBXFileReference; lastKnownFileType = sourcecode.swift; path = "ImageResource+UIImage.swift"; sourceTree = "<group>"; };
		30BFFE8F2DDFDF1F0045AFC1 /* ListingProductsViewController.swift */ = {isa = PBXFileReference; lastKnownFileType = sourcecode.swift; path = ListingProductsViewController.swift; sourceTree = "<group>"; };
		30BFFE912DDFDF480045AFC1 /* ListingProductsFactory.swift */ = {isa = PBXFileReference; lastKnownFileType = sourcecode.swift; path = ListingProductsFactory.swift; sourceTree = "<group>"; };
		30BFFE932DDFDF7F0045AFC1 /* ListingProductViewModel.swift */ = {isa = PBXFileReference; lastKnownFileType = sourcecode.swift; path = ListingProductViewModel.swift; sourceTree = "<group>"; };
		30BFFE962DDFE3C60045AFC1 /* SearchTextField.swift */ = {isa = PBXFileReference; lastKnownFileType = sourcecode.swift; path = SearchTextField.swift; sourceTree = "<group>"; };
		30BFFE992DE007E80045AFC1 /* NetworkRequest.swift */ = {isa = PBXFileReference; lastKnownFileType = sourcecode.swift; path = NetworkRequest.swift; sourceTree = "<group>"; };
		30BFFE9C2DE0091A0045AFC1 /* NetworkService.swift */ = {isa = PBXFileReference; lastKnownFileType = sourcecode.swift; path = NetworkService.swift; sourceTree = "<group>"; };
		30BFFE9F2DE0098F0045AFC1 /* Interceptor.swift */ = {isa = PBXFileReference; lastKnownFileType = sourcecode.swift; path = Interceptor.swift; sourceTree = "<group>"; };
		30BFFEA12DE009BA0045AFC1 /* TokenManager.swift */ = {isa = PBXFileReference; lastKnownFileType = sourcecode.swift; path = TokenManager.swift; sourceTree = "<group>"; };
		30BFFEA32DE00AA90045AFC1 /* SearchNickNameRequest.swift */ = {isa = PBXFileReference; lastKnownFileType = sourcecode.swift; path = SearchNickNameRequest.swift; sourceTree = "<group>"; };
		30BFFEA52DE01A0B0045AFC1 /* UIAlert.swift */ = {isa = PBXFileReference; lastKnownFileType = sourcecode.swift; path = UIAlert.swift; sourceTree = "<group>"; };
		30BFFEA82DE01C7C0045AFC1 /* NetworkLogger.swift */ = {isa = PBXFileReference; lastKnownFileType = sourcecode.swift; path = NetworkLogger.swift; sourceTree = "<group>"; };
		30BFFEAA2DE01CA40045AFC1 /* ConsoleLogger.swift */ = {isa = PBXFileReference; lastKnownFileType = sourcecode.swift; path = ConsoleLogger.swift; sourceTree = "<group>"; };
		30E511EE2DE3944F00485CF5 /* LaunchScreen.storyboard */ = {isa = PBXFileReference; lastKnownFileType = file.storyboard; path = LaunchScreen.storyboard; sourceTree = "<group>"; };
		30E511F12DE3965F00485CF5 /* SearchResponseMock.json */ = {isa = PBXFileReference; lastKnownFileType = text.json; path = SearchResponseMock.json; sourceTree = "<group>"; };
		30E511F32DE3971100485CF5 /* ListingProductsCell.swift */ = {isa = PBXFileReference; lastKnownFileType = sourcecode.swift; path = ListingProductsCell.swift; sourceTree = "<group>"; };
		30E62B412DDE9E2500DFD53F /* SearchManager.swift */ = {isa = PBXFileReference; lastKnownFileType = sourcecode.swift; path = SearchManager.swift; sourceTree = "<group>"; };
/* End PBXFileReference section */

/* Begin PBXFrameworksBuildPhase section */
		300A6C562DDD6FAF00F93806 /* Frameworks */ = {
			isa = PBXFrameworksBuildPhase;
			buildActionMask = 2147483647;
			files = (
				306CE1DF2DE3B13A005F2A83 /* Kingfisher in Frameworks */,
				300A6C992DDD70AC00F93806 /* SnapKit in Frameworks */,
				300A6C9B2DDD70AC00F93806 /* SnapKit-Dynamic in Frameworks */,
			);
			runOnlyForDeploymentPostprocessing = 0;
		};
		300A6C6F2DDD6FB000F93806 /* Frameworks */ = {
			isa = PBXFrameworksBuildPhase;
			buildActionMask = 2147483647;
			files = (
			);
			runOnlyForDeploymentPostprocessing = 0;
		};
		300A6C792DDD6FB000F93806 /* Frameworks */ = {
			isa = PBXFrameworksBuildPhase;
			buildActionMask = 2147483647;
			files = (
			);
			runOnlyForDeploymentPostprocessing = 0;
		};
/* End PBXFrameworksBuildPhase section */

/* Begin PBXGroup section */
		300A6C502DDD6FAF00F93806 = {
			isa = PBXGroup;
			children = (
				300A6C5B2DDD6FAF00F93806 /* MeliChallengeiOS */,
				300A6C752DDD6FB000F93806 /* MeliChallengeiOSTests */,
				300A6C7F2DDD6FB000F93806 /* MeliChallengeiOSUITests */,
				300A6C5A2DDD6FAF00F93806 /* Products */,
			);
			sourceTree = "<group>";
		};
		300A6C5A2DDD6FAF00F93806 /* Products */ = {
			isa = PBXGroup;
			children = (
				300A6C592DDD6FAF00F93806 /* MeliChallengeiOS.app */,
				300A6C722DDD6FB000F93806 /* MeliChallengeiOSTests.xctest */,
				300A6C7C2DDD6FB000F93806 /* MeliChallengeiOSUITests.xctest */,
			);
			name = Products;
			sourceTree = "<group>";
		};
		300A6C5B2DDD6FAF00F93806 /* MeliChallengeiOS */ = {
			isa = PBXGroup;
			children = (
				300A6C6D2DDD6FAF00F93806 /* Info.plist */,
				300A6C652DDD6FAF00F93806 /* MeliChallengeiOS.xcdatamodeld */,
				300A6C8F2DDD701A00F93806 /* Application */,
				30BFFE802DDFD0E70045AFC1 /* Localizables */,
				300A6C902DDD702F00F93806 /* Resources */,
				30BFFE952DDFE3A60045AFC1 /* UIComponents */,
				300A6C912DDD705000F93806 /* Features */,
				300A6CA82DDD7FDA00F93806 /* Network */,
			);
			path = MeliChallengeiOS;
			sourceTree = "<group>";
		};
		300A6C752DDD6FB000F93806 /* MeliChallengeiOSTests */ = {
			isa = PBXGroup;
			children = (
				300A6C762DDD6FB000F93806 /* MeliChallengeiOSTests.swift */,
			);
			path = MeliChallengeiOSTests;
			sourceTree = "<group>";
		};
		300A6C7F2DDD6FB000F93806 /* MeliChallengeiOSUITests */ = {
			isa = PBXGroup;
			children = (
				300A6C802DDD6FB000F93806 /* MeliChallengeiOSUITests.swift */,
				300A6C822DDD6FB000F93806 /* MeliChallengeiOSUITestsLaunchTests.swift */,
			);
			path = MeliChallengeiOSUITests;
			sourceTree = "<group>";
		};
		300A6C8F2DDD701A00F93806 /* Application */ = {
			isa = PBXGroup;
			children = (
				300A6C5C2DDD6FAF00F93806 /* AppDelegate.swift */,
				300A6C5E2DDD6FAF00F93806 /* SceneDelegate.swift */,
			);
			path = Application;
			sourceTree = "<group>";
		};
		300A6C902DDD702F00F93806 /* Resources */ = {
			isa = PBXGroup;
			children = (
				300A6C682DDD6FAF00F93806 /* Assets.xcassets */,
				30BFFE7E2DDFCDE80045AFC1 /* Constants.swift */,
				30BFFE8C2DDFD7470045AFC1 /* ImageResource+UIImage.swift */,
				306CE1E22DE3E062005F2A83 /* CurrencyUtils.swift */,
			);
			path = Resources;
			sourceTree = "<group>";
		};
		300A6C912DDD705000F93806 /* Features */ = {
			isa = PBXGroup;
			children = (
				30BFFE8E2DDFDF020045AFC1 /* ListingProducts */,
				300A6C932DDD706500F93806 /* Navigation */,
				300A6C942DDD706B00F93806 /* Search */,
				300A6C922DDD705D00F93806 /* ProductDetail */,
			);
			path = Features;
			sourceTree = "<group>";
		};
		300A6C922DDD705D00F93806 /* ProductDetail */ = {
			isa = PBXGroup;
			children = (
				300A6CA02DDD70EA00F93806 /* ProductDetailViewController.swift */,
				300A6CA22DDD710B00F93806 /* ProductDetailViewModel.swift */,
				300A6CA42DDD711F00F93806 /* ProductDetailFactory.swift */,
			);
			path = ProductDetail;
			sourceTree = "<group>";
		};
		300A6C932DDD706500F93806 /* Navigation */ = {
			isa = PBXGroup;
			children = (
				300A6CA62DDD713B00F93806 /* MainNavigationController.swift */,
			);
			path = Navigation;
			sourceTree = "<group>";
		};
		300A6C942DDD706B00F93806 /* Search */ = {
			isa = PBXGroup;
			children = (
				300A6C952DDD708400F93806 /* SearchViewController.swift */,
				300A6C9C2DDD70BB00F93806 /* SearchFactory.swift */,
				300A6C9E2DDD70D100F93806 /* SearchViewModel.swift */,
			);
			path = Search;
			sourceTree = "<group>";
		};
		300A6CA82DDD7FDA00F93806 /* Network */ = {
			isa = PBXGroup;
			children = (
				30E511F02DE3963800485CF5 /* Mocks */,
				30BFFEA72DE01C660045AFC1 /* ConsoleLogger */,
				30BFFE9E2DE009820045AFC1 /* Interceptor */,
				30BFFE9B2DE008920045AFC1 /* Service */,
				30BFFE982DE007D80045AFC1 /* Request */,
				30BFFE7B2DDFCBE10045AFC1 /* Response */,
				30E62B432DDE9E2D00DFD53F /* Manager */,
				30BFFEA12DE009BA0045AFC1 /* TokenManager.swift */,
			);
			path = Network;
			sourceTree = "<group>";
		};
		30BFFE7B2DDFCBE10045AFC1 /* Response */ = {
			isa = PBXGroup;
			children = (
				30BFFE7C2DDFCBFA0045AFC1 /* SearchProductNicknameResponse.swift */,
			);
			path = Response;
			sourceTree = "<group>";
		};
		30BFFE802DDFD0E70045AFC1 /* Localizables */ = {
			isa = PBXGroup;
			children = (
				30BFFE812DDFD1080045AFC1 /* SearchStrings.swift */,
				30BFFE892DDFD3830045AFC1 /* Localizable.strings */,
			);
			path = Localizables;
			sourceTree = "<group>";
		};
		30BFFE8E2DDFDF020045AFC1 /* ListingProducts */ = {
			isa = PBXGroup;
			children = (
				30E511F22DE396F900485CF5 /* ListingProductsCell */,
				30BFFE8F2DDFDF1F0045AFC1 /* ListingProductsViewController.swift */,
				30BFFE912DDFDF480045AFC1 /* ListingProductsFactory.swift */,
				30BFFE932DDFDF7F0045AFC1 /* ListingProductViewModel.swift */,
			);
			path = ListingProducts;
			sourceTree = "<group>";
		};
		30BFFE952DDFE3A60045AFC1 /* UIComponents */ = {
			isa = PBXGroup;
			children = (
				30BFFE962DDFE3C60045AFC1 /* SearchTextField.swift */,
				30BFFEA52DE01A0B0045AFC1 /* UIAlert.swift */,
				30E511EE2DE3944F00485CF5 /* LaunchScreen.storyboard */,
				306CE1E02DE3C4A6005F2A83 /* UIImagePlaceholder.swift */,
			);
			path = UIComponents;
			sourceTree = "<group>";
		};
		30BFFE982DE007D80045AFC1 /* Request */ = {
			isa = PBXGroup;
			children = (
				30BFFE992DE007E80045AFC1 /* NetworkRequest.swift */,
				30BFFEA32DE00AA90045AFC1 /* SearchNickNameRequest.swift */,
			);
			path = Request;
			sourceTree = "<group>";
		};
		30BFFE9B2DE008920045AFC1 /* Service */ = {
			isa = PBXGroup;
			children = (
				30BFFE9C2DE0091A0045AFC1 /* NetworkService.swift */,
			);
			path = Service;
			sourceTree = "<group>";
		};
		30BFFE9E2DE009820045AFC1 /* Interceptor */ = {
			isa = PBXGroup;
			children = (
				30BFFE9F2DE0098F0045AFC1 /* Interceptor.swift */,
			);
			path = Interceptor;
			sourceTree = "<group>";
		};
		30BFFEA72DE01C660045AFC1 /* ConsoleLogger */ = {
			isa = PBXGroup;
			children = (
				30BFFEA82DE01C7C0045AFC1 /* NetworkLogger.swift */,
				30BFFEAA2DE01CA40045AFC1 /* ConsoleLogger.swift */,
			);
			path = ConsoleLogger;
			sourceTree = "<group>";
		};
		30E511F02DE3963800485CF5 /* Mocks */ = {
			isa = PBXGroup;
			children = (
				30E511F12DE3965F00485CF5 /* SearchResponseMock.json */,
			);
			path = Mocks;
			sourceTree = "<group>";
		};
		30E511F22DE396F900485CF5 /* ListingProductsCell */ = {
			isa = PBXGroup;
			children = (
				30E511F32DE3971100485CF5 /* ListingProductsCell.swift */,
			);
			path = ListingProductsCell;
			sourceTree = "<group>";
		};
		30E62B432DDE9E2D00DFD53F /* Manager */ = {
			isa = PBXGroup;
			children = (
				30E62B412DDE9E2500DFD53F /* SearchManager.swift */,
			);
			path = Manager;
			sourceTree = "<group>";
		};
/* End PBXGroup section */

/* Begin PBXNativeTarget section */
		300A6C582DDD6FAF00F93806 /* MeliChallengeiOS */ = {
			isa = PBXNativeTarget;
			buildConfigurationList = 300A6C862DDD6FB000F93806 /* Build configuration list for PBXNativeTarget "MeliChallengeiOS" */;
			buildPhases = (
				300A6C552DDD6FAF00F93806 /* Sources */,
				300A6C562DDD6FAF00F93806 /* Frameworks */,
				300A6C572DDD6FAF00F93806 /* Resources */,
			);
			buildRules = (
			);
			dependencies = (
			);
			name = MeliChallengeiOS;
			packageProductDependencies = (
				300A6C982DDD70AC00F93806 /* SnapKit */,
				300A6C9A2DDD70AC00F93806 /* SnapKit-Dynamic */,
				306CE1DE2DE3B13A005F2A83 /* Kingfisher */,
			);
			productName = MeliChallengeiOS;
			productReference = 300A6C592DDD6FAF00F93806 /* MeliChallengeiOS.app */;
			productType = "com.apple.product-type.application";
		};
		300A6C712DDD6FB000F93806 /* MeliChallengeiOSTests */ = {
			isa = PBXNativeTarget;
			buildConfigurationList = 300A6C892DDD6FB000F93806 /* Build configuration list for PBXNativeTarget "MeliChallengeiOSTests" */;
			buildPhases = (
				300A6C6E2DDD6FB000F93806 /* Sources */,
				300A6C6F2DDD6FB000F93806 /* Frameworks */,
				300A6C702DDD6FB000F93806 /* Resources */,
			);
			buildRules = (
			);
			dependencies = (
				300A6C742DDD6FB000F93806 /* PBXTargetDependency */,
			);
			name = MeliChallengeiOSTests;
			productName = MeliChallengeiOSTests;
			productReference = 300A6C722DDD6FB000F93806 /* MeliChallengeiOSTests.xctest */;
			productType = "com.apple.product-type.bundle.unit-test";
		};
		300A6C7B2DDD6FB000F93806 /* MeliChallengeiOSUITests */ = {
			isa = PBXNativeTarget;
			buildConfigurationList = 300A6C8C2DDD6FB000F93806 /* Build configuration list for PBXNativeTarget "MeliChallengeiOSUITests" */;
			buildPhases = (
				300A6C782DDD6FB000F93806 /* Sources */,
				300A6C792DDD6FB000F93806 /* Frameworks */,
				300A6C7A2DDD6FB000F93806 /* Resources */,
			);
			buildRules = (
			);
			dependencies = (
				300A6C7E2DDD6FB000F93806 /* PBXTargetDependency */,
			);
			name = MeliChallengeiOSUITests;
			productName = MeliChallengeiOSUITests;
			productReference = 300A6C7C2DDD6FB000F93806 /* MeliChallengeiOSUITests.xctest */;
			productType = "com.apple.product-type.bundle.ui-testing";
		};
/* End PBXNativeTarget section */

/* Begin PBXProject section */
		300A6C512DDD6FAF00F93806 /* Project object */ = {
			isa = PBXProject;
			attributes = {
				BuildIndependentTargetsInParallel = 1;
				LastSwiftUpdateCheck = 1500;
				LastUpgradeCheck = 1500;
				TargetAttributes = {
					300A6C582DDD6FAF00F93806 = {
						CreatedOnToolsVersion = 15.0.1;
					};
					300A6C712DDD6FB000F93806 = {
						CreatedOnToolsVersion = 15.0.1;
						TestTargetID = 300A6C582DDD6FAF00F93806;
					};
					300A6C7B2DDD6FB000F93806 = {
						CreatedOnToolsVersion = 15.0.1;
						TestTargetID = 300A6C582DDD6FAF00F93806;
					};
				};
			};
			buildConfigurationList = 300A6C542DDD6FAF00F93806 /* Build configuration list for PBXProject "MeliChallengeiOS" */;
			compatibilityVersion = "Xcode 14.0";
			developmentRegion = "pt-BR";
			hasScannedForEncodings = 0;
			knownRegions = (
				en,
				Base,
				"pt-BR",
				"es-419",
			);
			mainGroup = 300A6C502DDD6FAF00F93806;
			packageReferences = (
				300A6C972DDD70AC00F93806 /* XCRemoteSwiftPackageReference "SnapKit" */,
				306CE1DD2DE3B13A005F2A83 /* XCRemoteSwiftPackageReference "Kingfisher" */,
			);
			productRefGroup = 300A6C5A2DDD6FAF00F93806 /* Products */;
			projectDirPath = "";
			projectRoot = "";
			targets = (
				300A6C582DDD6FAF00F93806 /* MeliChallengeiOS */,
				300A6C712DDD6FB000F93806 /* MeliChallengeiOSTests */,
				300A6C7B2DDD6FB000F93806 /* MeliChallengeiOSUITests */,
			);
		};
/* End PBXProject section */

/* Begin PBXResourcesBuildPhase section */
		300A6C572DDD6FAF00F93806 /* Resources */ = {
			isa = PBXResourcesBuildPhase;
			buildActionMask = 2147483647;
			files = (
				30E511EF2DE3944F00485CF5 /* LaunchScreen.storyboard in Resources */,
				300A6C692DDD6FAF00F93806 /* Assets.xcassets in Resources */,
				30E511F52DE3AA4700485CF5 /* SearchResponseMock.json in Resources */,
				30BFFE872DDFD3830045AFC1 /* Localizable.strings in Resources */,
			);
			runOnlyForDeploymentPostprocessing = 0;
		};
		300A6C702DDD6FB000F93806 /* Resources */ = {
			isa = PBXResourcesBuildPhase;
			buildActionMask = 2147483647;
			files = (
			);
			runOnlyForDeploymentPostprocessing = 0;
		};
		300A6C7A2DDD6FB000F93806 /* Resources */ = {
			isa = PBXResourcesBuildPhase;
			buildActionMask = 2147483647;
			files = (
			);
			runOnlyForDeploymentPostprocessing = 0;
		};
/* End PBXResourcesBuildPhase section */

/* Begin PBXSourcesBuildPhase section */
		300A6C552DDD6FAF00F93806 /* Sources */ = {
			isa = PBXSourcesBuildPhase;
			buildActionMask = 2147483647;
			files = (
				30BFFEA62DE01A0B0045AFC1 /* UIAlert.swift in Sources */,
				30BFFE822DDFD1080045AFC1 /* SearchStrings.swift in Sources */,
				306CE1E12DE3C4A6005F2A83 /* UIImagePlaceholder.swift in Sources */,
				300A6C962DDD708400F93806 /* SearchViewController.swift in Sources */,
				300A6C9F2DDD70D100F93806 /* SearchViewModel.swift in Sources */,
				30BFFE902DDFDF1F0045AFC1 /* ListingProductsViewController.swift in Sources */,
				30BFFE8D2DDFD7470045AFC1 /* ImageResource+UIImage.swift in Sources */,
				30BFFEA02DE0098F0045AFC1 /* Interceptor.swift in Sources */,
				300A6CA72DDD713B00F93806 /* MainNavigationController.swift in Sources */,
				300A6C5D2DDD6FAF00F93806 /* AppDelegate.swift in Sources */,
				30E62B422DDE9E2500DFD53F /* SearchManager.swift in Sources */,
				300A6C672DDD6FAF00F93806 /* MeliChallengeiOS.xcdatamodeld in Sources */,
				300A6CA52DDD711F00F93806 /* ProductDetailFactory.swift in Sources */,
				30BFFE972DDFE3C60045AFC1 /* SearchTextField.swift in Sources */,
				30BFFE7F2DDFCDE80045AFC1 /* Constants.swift in Sources */,
				30BFFEA42DE00AA90045AFC1 /* SearchNickNameRequest.swift in Sources */,
				300A6CA12DDD70EA00F93806 /* ProductDetailViewController.swift in Sources */,
				30BFFE9D2DE0091A0045AFC1 /* NetworkService.swift in Sources */,
				300A6C9D2DDD70BB00F93806 /* SearchFactory.swift in Sources */,
				30BFFEA92DE01C7C0045AFC1 /* NetworkLogger.swift in Sources */,
				30BFFE9A2DE007E80045AFC1 /* NetworkRequest.swift in Sources */,
				300A6C5F2DDD6FAF00F93806 /* SceneDelegate.swift in Sources */,
				30BFFE7D2DDFCBFA0045AFC1 /* SearchProductNicknameResponse.swift in Sources */,
				30BFFE942DDFDF7F0045AFC1 /* ListingProductViewModel.swift in Sources */,
				300A6CA32DDD710B00F93806 /* ProductDetailViewModel.swift in Sources */,
				30BFFEAB2DE01CA40045AFC1 /* ConsoleLogger.swift in Sources */,
				30BFFEA22DE009BA0045AFC1 /* TokenManager.swift in Sources */,
				306CE1E32DE3E062005F2A83 /* CurrencyUtils.swift in Sources */,
				30E511F42DE3971100485CF5 /* ListingProductsCell.swift in Sources */,
				30BFFE922DDFDF480045AFC1 /* ListingProductsFactory.swift in Sources */,
			);
			runOnlyForDeploymentPostprocessing = 0;
		};
		300A6C6E2DDD6FB000F93806 /* Sources */ = {
			isa = PBXSourcesBuildPhase;
			buildActionMask = 2147483647;
			files = (
				300A6C772DDD6FB000F93806 /* MeliChallengeiOSTests.swift in Sources */,
			);
			runOnlyForDeploymentPostprocessing = 0;
		};
		300A6C782DDD6FB000F93806 /* Sources */ = {
			isa = PBXSourcesBuildPhase;
			buildActionMask = 2147483647;
			files = (
				300A6C812DDD6FB000F93806 /* MeliChallengeiOSUITests.swift in Sources */,
				300A6C832DDD6FB000F93806 /* MeliChallengeiOSUITestsLaunchTests.swift in Sources */,
			);
			runOnlyForDeploymentPostprocessing = 0;
		};
/* End PBXSourcesBuildPhase section */

/* Begin PBXTargetDependency section */
		300A6C742DDD6FB000F93806 /* PBXTargetDependency */ = {
			isa = PBXTargetDependency;
			target = 300A6C582DDD6FAF00F93806 /* MeliChallengeiOS */;
			targetProxy = 300A6C732DDD6FB000F93806 /* PBXContainerItemProxy */;
		};
		300A6C7E2DDD6FB000F93806 /* PBXTargetDependency */ = {
			isa = PBXTargetDependency;
			target = 300A6C582DDD6FAF00F93806 /* MeliChallengeiOS */;
			targetProxy = 300A6C7D2DDD6FB000F93806 /* PBXContainerItemProxy */;
		};
/* End PBXTargetDependency section */

/* Begin PBXVariantGroup section */
		30BFFE892DDFD3830045AFC1 /* Localizable.strings */ = {
			isa = PBXVariantGroup;
			children = (
				30BFFE882DDFD3830045AFC1 /* pt-BR */,
				30BFFE8A2DDFD3F60045AFC1 /* en */,
				30BFFE8B2DDFD3F70045AFC1 /* es-419 */,
			);
			name = Localizable.strings;
			sourceTree = "<group>";
		};
/* End PBXVariantGroup section */

/* Begin XCBuildConfiguration section */
		300A6C842DDD6FB000F93806 /* Debug */ = {
			isa = XCBuildConfiguration;
			buildSettings = {
				ALWAYS_SEARCH_USER_PATHS = NO;
				ASSETCATALOG_COMPILER_GENERATE_SWIFT_ASSET_SYMBOL_EXTENSIONS = YES;
				CLANG_ANALYZER_NONNULL = YES;
				CLANG_ANALYZER_NUMBER_OBJECT_CONVERSION = YES_AGGRESSIVE;
				CLANG_CXX_LANGUAGE_STANDARD = "gnu++20";
				CLANG_ENABLE_MODULES = YES;
				CLANG_ENABLE_OBJC_ARC = YES;
				CLANG_ENABLE_OBJC_WEAK = YES;
				CLANG_WARN_BLOCK_CAPTURE_AUTORELEASING = YES;
				CLANG_WARN_BOOL_CONVERSION = YES;
				CLANG_WARN_COMMA = YES;
				CLANG_WARN_CONSTANT_CONVERSION = YES;
				CLANG_WARN_DEPRECATED_OBJC_IMPLEMENTATIONS = YES;
				CLANG_WARN_DIRECT_OBJC_ISA_USAGE = YES_ERROR;
				CLANG_WARN_DOCUMENTATION_COMMENTS = YES;
				CLANG_WARN_EMPTY_BODY = YES;
				CLANG_WARN_ENUM_CONVERSION = YES;
				CLANG_WARN_INFINITE_RECURSION = YES;
				CLANG_WARN_INT_CONVERSION = YES;
				CLANG_WARN_NON_LITERAL_NULL_CONVERSION = YES;
				CLANG_WARN_OBJC_IMPLICIT_RETAIN_SELF = YES;
				CLANG_WARN_OBJC_LITERAL_CONVERSION = YES;
				CLANG_WARN_OBJC_ROOT_CLASS = YES_ERROR;
				CLANG_WARN_QUOTED_INCLUDE_IN_FRAMEWORK_HEADER = YES;
				CLANG_WARN_RANGE_LOOP_ANALYSIS = YES;
				CLANG_WARN_STRICT_PROTOTYPES = YES;
				CLANG_WARN_SUSPICIOUS_MOVE = YES;
				CLANG_WARN_UNGUARDED_AVAILABILITY = YES_AGGRESSIVE;
				CLANG_WARN_UNREACHABLE_CODE = YES;
				CLANG_WARN__DUPLICATE_METHOD_MATCH = YES;
				COPY_PHASE_STRIP = NO;
				DEBUG_INFORMATION_FORMAT = dwarf;
				ENABLE_STRICT_OBJC_MSGSEND = YES;
				ENABLE_TESTABILITY = YES;
				ENABLE_USER_SCRIPT_SANDBOXING = YES;
				GCC_C_LANGUAGE_STANDARD = gnu17;
				GCC_DYNAMIC_NO_PIC = NO;
				GCC_NO_COMMON_BLOCKS = YES;
				GCC_OPTIMIZATION_LEVEL = 0;
				GCC_PREPROCESSOR_DEFINITIONS = (
					"DEBUG=1",
					"$(inherited)",
				);
				GCC_WARN_64_TO_32_BIT_CONVERSION = YES;
				GCC_WARN_ABOUT_RETURN_TYPE = YES_ERROR;
				GCC_WARN_UNDECLARED_SELECTOR = YES;
				GCC_WARN_UNINITIALIZED_AUTOS = YES_AGGRESSIVE;
				GCC_WARN_UNUSED_FUNCTION = YES;
				GCC_WARN_UNUSED_VARIABLE = YES;
				INFOPLIST_KEY_UILaunchStoryboardName = LaunchScreen.storyboard;
				IPHONEOS_DEPLOYMENT_TARGET = 16.0;
				LOCALIZATION_PREFERS_STRING_CATALOGS = YES;
				MTL_ENABLE_DEBUG_INFO = INCLUDE_SOURCE;
				MTL_FAST_MATH = YES;
				ONLY_ACTIVE_ARCH = YES;
				SDKROOT = iphoneos;
				SWIFT_ACTIVE_COMPILATION_CONDITIONS = "DEBUG $(inherited)";
				SWIFT_OPTIMIZATION_LEVEL = "-Onone";
			};
			name = Debug;
		};
		300A6C852DDD6FB000F93806 /* Release */ = {
			isa = XCBuildConfiguration;
			buildSettings = {
				ALWAYS_SEARCH_USER_PATHS = NO;
				ASSETCATALOG_COMPILER_GENERATE_SWIFT_ASSET_SYMBOL_EXTENSIONS = YES;
				CLANG_ANALYZER_NONNULL = YES;
				CLANG_ANALYZER_NUMBER_OBJECT_CONVERSION = YES_AGGRESSIVE;
				CLANG_CXX_LANGUAGE_STANDARD = "gnu++20";
				CLANG_ENABLE_MODULES = YES;
				CLANG_ENABLE_OBJC_ARC = YES;
				CLANG_ENABLE_OBJC_WEAK = YES;
				CLANG_WARN_BLOCK_CAPTURE_AUTORELEASING = YES;
				CLANG_WARN_BOOL_CONVERSION = YES;
				CLANG_WARN_COMMA = YES;
				CLANG_WARN_CONSTANT_CONVERSION = YES;
				CLANG_WARN_DEPRECATED_OBJC_IMPLEMENTATIONS = YES;
				CLANG_WARN_DIRECT_OBJC_ISA_USAGE = YES_ERROR;
				CLANG_WARN_DOCUMENTATION_COMMENTS = YES;
				CLANG_WARN_EMPTY_BODY = YES;
				CLANG_WARN_ENUM_CONVERSION = YES;
				CLANG_WARN_INFINITE_RECURSION = YES;
				CLANG_WARN_INT_CONVERSION = YES;
				CLANG_WARN_NON_LITERAL_NULL_CONVERSION = YES;
				CLANG_WARN_OBJC_IMPLICIT_RETAIN_SELF = YES;
				CLANG_WARN_OBJC_LITERAL_CONVERSION = YES;
				CLANG_WARN_OBJC_ROOT_CLASS = YES_ERROR;
				CLANG_WARN_QUOTED_INCLUDE_IN_FRAMEWORK_HEADER = YES;
				CLANG_WARN_RANGE_LOOP_ANALYSIS = YES;
				CLANG_WARN_STRICT_PROTOTYPES = YES;
				CLANG_WARN_SUSPICIOUS_MOVE = YES;
				CLANG_WARN_UNGUARDED_AVAILABILITY = YES_AGGRESSIVE;
				CLANG_WARN_UNREACHABLE_CODE = YES;
				CLANG_WARN__DUPLICATE_METHOD_MATCH = YES;
				COPY_PHASE_STRIP = NO;
				DEBUG_INFORMATION_FORMAT = "dwarf-with-dsym";
				ENABLE_NS_ASSERTIONS = NO;
				ENABLE_STRICT_OBJC_MSGSEND = YES;
				ENABLE_USER_SCRIPT_SANDBOXING = YES;
				GCC_C_LANGUAGE_STANDARD = gnu17;
				GCC_NO_COMMON_BLOCKS = YES;
				GCC_WARN_64_TO_32_BIT_CONVERSION = YES;
				GCC_WARN_ABOUT_RETURN_TYPE = YES_ERROR;
				GCC_WARN_UNDECLARED_SELECTOR = YES;
				GCC_WARN_UNINITIALIZED_AUTOS = YES_AGGRESSIVE;
				GCC_WARN_UNUSED_FUNCTION = YES;
				GCC_WARN_UNUSED_VARIABLE = YES;
				INFOPLIST_KEY_UILaunchStoryboardName = LaunchScreen.storyboard;
				IPHONEOS_DEPLOYMENT_TARGET = 16.0;
				LOCALIZATION_PREFERS_STRING_CATALOGS = YES;
				MTL_ENABLE_DEBUG_INFO = NO;
				MTL_FAST_MATH = YES;
				SDKROOT = iphoneos;
				SWIFT_COMPILATION_MODE = wholemodule;
				VALIDATE_PRODUCT = YES;
			};
			name = Release;
		};
		300A6C872DDD6FB000F93806 /* Debug */ = {
			isa = XCBuildConfiguration;
			buildSettings = {
				ASSETCATALOG_COMPILER_APPICON_NAME = AppIcon;
				ASSETCATALOG_COMPILER_GLOBAL_ACCENT_COLOR_NAME = AccentColor;
				CODE_SIGN_STYLE = Automatic;
				CURRENT_PROJECT_VERSION = 1;
				DEVELOPMENT_TEAM = 34KZBHS44B;
				GENERATE_INFOPLIST_FILE = YES;
				INFOPLIST_FILE = MeliChallengeiOS/Info.plist;
				INFOPLIST_KEY_UIApplicationSupportsIndirectInputEvents = YES;
				INFOPLIST_KEY_UILaunchStoryboardName = LaunchScreen.storyboard;
				INFOPLIST_KEY_UISupportedInterfaceOrientations_iPad = "UIInterfaceOrientationPortrait UIInterfaceOrientationPortraitUpsideDown UIInterfaceOrientationLandscapeLeft UIInterfaceOrientationLandscapeRight";
				INFOPLIST_KEY_UISupportedInterfaceOrientations_iPhone = "UIInterfaceOrientationPortrait UIInterfaceOrientationLandscapeLeft UIInterfaceOrientationLandscapeRight";
				IPHONEOS_DEPLOYMENT_TARGET = 16.0;
				LD_RUNPATH_SEARCH_PATHS = (
					"$(inherited)",
					"@executable_path/Frameworks",
				);
				MARKETING_VERSION = 1.0;
				PRODUCT_BUNDLE_IDENTIFIER = GaudioUchoaNey.MeliChallengeiOS;
				PRODUCT_NAME = "$(TARGET_NAME)";
				SWIFT_EMIT_LOC_STRINGS = YES;
				SWIFT_VERSION = 5.0;
				TARGETED_DEVICE_FAMILY = "1,2";
			};
			name = Debug;
		};
		300A6C882DDD6FB000F93806 /* Release */ = {
			isa = XCBuildConfiguration;
			buildSettings = {
				ASSETCATALOG_COMPILER_APPICON_NAME = AppIcon;
				ASSETCATALOG_COMPILER_GLOBAL_ACCENT_COLOR_NAME = AccentColor;
				CODE_SIGN_STYLE = Automatic;
				CURRENT_PROJECT_VERSION = 1;
				DEVELOPMENT_TEAM = 34KZBHS44B;
				GENERATE_INFOPLIST_FILE = YES;
				INFOPLIST_FILE = MeliChallengeiOS/Info.plist;
				INFOPLIST_KEY_UIApplicationSupportsIndirectInputEvents = YES;
				INFOPLIST_KEY_UILaunchStoryboardName = LaunchScreen.storyboard;
				INFOPLIST_KEY_UISupportedInterfaceOrientations_iPad = "UIInterfaceOrientationPortrait UIInterfaceOrientationPortraitUpsideDown UIInterfaceOrientationLandscapeLeft UIInterfaceOrientationLandscapeRight";
				INFOPLIST_KEY_UISupportedInterfaceOrientations_iPhone = "UIInterfaceOrientationPortrait UIInterfaceOrientationLandscapeLeft UIInterfaceOrientationLandscapeRight";
				IPHONEOS_DEPLOYMENT_TARGET = 16.0;
				LD_RUNPATH_SEARCH_PATHS = (
					"$(inherited)",
					"@executable_path/Frameworks",
				);
				MARKETING_VERSION = 1.0;
				PRODUCT_BUNDLE_IDENTIFIER = GaudioUchoaNey.MeliChallengeiOS;
				PRODUCT_NAME = "$(TARGET_NAME)";
				SWIFT_EMIT_LOC_STRINGS = YES;
				SWIFT_VERSION = 5.0;
				TARGETED_DEVICE_FAMILY = "1,2";
			};
			name = Release;
		};
		300A6C8A2DDD6FB000F93806 /* Debug */ = {
			isa = XCBuildConfiguration;
			buildSettings = {
				ALWAYS_EMBED_SWIFT_STANDARD_LIBRARIES = YES;
				BUNDLE_LOADER = "$(TEST_HOST)";
				CODE_SIGN_STYLE = Automatic;
				CURRENT_PROJECT_VERSION = 1;
				DEVELOPMENT_TEAM = 34KZBHS44B;
				GENERATE_INFOPLIST_FILE = YES;
				IPHONEOS_DEPLOYMENT_TARGET = 17.0;
				MARKETING_VERSION = 1.0;
				PRODUCT_BUNDLE_IDENTIFIER = GaudioUchoaNey.MeliChallengeiOSTests;
				PRODUCT_NAME = "$(TARGET_NAME)";
				SWIFT_EMIT_LOC_STRINGS = NO;
				SWIFT_VERSION = 5.0;
				TARGETED_DEVICE_FAMILY = "1,2";
				TEST_HOST = "$(BUILT_PRODUCTS_DIR)/MeliChallengeiOS.app/$(BUNDLE_EXECUTABLE_FOLDER_PATH)/MeliChallengeiOS";
			};
			name = Debug;
		};
		300A6C8B2DDD6FB000F93806 /* Release */ = {
			isa = XCBuildConfiguration;
			buildSettings = {
				ALWAYS_EMBED_SWIFT_STANDARD_LIBRARIES = YES;
				BUNDLE_LOADER = "$(TEST_HOST)";
				CODE_SIGN_STYLE = Automatic;
				CURRENT_PROJECT_VERSION = 1;
				DEVELOPMENT_TEAM = 34KZBHS44B;
				GENERATE_INFOPLIST_FILE = YES;
				IPHONEOS_DEPLOYMENT_TARGET = 17.0;
				MARKETING_VERSION = 1.0;
				PRODUCT_BUNDLE_IDENTIFIER = GaudioUchoaNey.MeliChallengeiOSTests;
				PRODUCT_NAME = "$(TARGET_NAME)";
				SWIFT_EMIT_LOC_STRINGS = NO;
				SWIFT_VERSION = 5.0;
				TARGETED_DEVICE_FAMILY = "1,2";
				TEST_HOST = "$(BUILT_PRODUCTS_DIR)/MeliChallengeiOS.app/$(BUNDLE_EXECUTABLE_FOLDER_PATH)/MeliChallengeiOS";
			};
			name = Release;
		};
		300A6C8D2DDD6FB000F93806 /* Debug */ = {
			isa = XCBuildConfiguration;
			buildSettings = {
				ALWAYS_EMBED_SWIFT_STANDARD_LIBRARIES = YES;
				CODE_SIGN_STYLE = Automatic;
				CURRENT_PROJECT_VERSION = 1;
				DEVELOPMENT_TEAM = 34KZBHS44B;
				GENERATE_INFOPLIST_FILE = YES;
				MARKETING_VERSION = 1.0;
				PRODUCT_BUNDLE_IDENTIFIER = GaudioUchoaNey.MeliChallengeiOSUITests;
				PRODUCT_NAME = "$(TARGET_NAME)";
				SWIFT_EMIT_LOC_STRINGS = NO;
				SWIFT_VERSION = 5.0;
				TARGETED_DEVICE_FAMILY = "1,2";
				TEST_TARGET_NAME = MeliChallengeiOS;
			};
			name = Debug;
		};
		300A6C8E2DDD6FB000F93806 /* Release */ = {
			isa = XCBuildConfiguration;
			buildSettings = {
				ALWAYS_EMBED_SWIFT_STANDARD_LIBRARIES = YES;
				CODE_SIGN_STYLE = Automatic;
				CURRENT_PROJECT_VERSION = 1;
				DEVELOPMENT_TEAM = 34KZBHS44B;
				GENERATE_INFOPLIST_FILE = YES;
				MARKETING_VERSION = 1.0;
				PRODUCT_BUNDLE_IDENTIFIER = GaudioUchoaNey.MeliChallengeiOSUITests;
				PRODUCT_NAME = "$(TARGET_NAME)";
				SWIFT_EMIT_LOC_STRINGS = NO;
				SWIFT_VERSION = 5.0;
				TARGETED_DEVICE_FAMILY = "1,2";
				TEST_TARGET_NAME = MeliChallengeiOS;
			};
			name = Release;
		};
/* End XCBuildConfiguration section */

/* Begin XCConfigurationList section */
		300A6C542DDD6FAF00F93806 /* Build configuration list for PBXProject "MeliChallengeiOS" */ = {
			isa = XCConfigurationList;
			buildConfigurations = (
				300A6C842DDD6FB000F93806 /* Debug */,
				300A6C852DDD6FB000F93806 /* Release */,
			);
			defaultConfigurationIsVisible = 0;
			defaultConfigurationName = Release;
		};
		300A6C862DDD6FB000F93806 /* Build configuration list for PBXNativeTarget "MeliChallengeiOS" */ = {
			isa = XCConfigurationList;
			buildConfigurations = (
				300A6C872DDD6FB000F93806 /* Debug */,
				300A6C882DDD6FB000F93806 /* Release */,
			);
			defaultConfigurationIsVisible = 0;
			defaultConfigurationName = Release;
		};
		300A6C892DDD6FB000F93806 /* Build configuration list for PBXNativeTarget "MeliChallengeiOSTests" */ = {
			isa = XCConfigurationList;
			buildConfigurations = (
				300A6C8A2DDD6FB000F93806 /* Debug */,
				300A6C8B2DDD6FB000F93806 /* Release */,
			);
			defaultConfigurationIsVisible = 0;
			defaultConfigurationName = Release;
		};
		300A6C8C2DDD6FB000F93806 /* Build configuration list for PBXNativeTarget "MeliChallengeiOSUITests" */ = {
			isa = XCConfigurationList;
			buildConfigurations = (
				300A6C8D2DDD6FB000F93806 /* Debug */,
				300A6C8E2DDD6FB000F93806 /* Release */,
			);
			defaultConfigurationIsVisible = 0;
			defaultConfigurationName = Release;
		};
/* End XCConfigurationList section */

/* Begin XCRemoteSwiftPackageReference section */
		300A6C972DDD70AC00F93806 /* XCRemoteSwiftPackageReference "SnapKit" */ = {
			isa = XCRemoteSwiftPackageReference;
			repositoryURL = "https://github.com/SnapKit/SnapKit";
			requirement = {
				kind = upToNextMajorVersion;
				minimumVersion = 5.7.1;
			};
		};
		306CE1DD2DE3B13A005F2A83 /* XCRemoteSwiftPackageReference "Kingfisher" */ = {
			isa = XCRemoteSwiftPackageReference;
			repositoryURL = "https://github.com/onevcat/Kingfisher";
			requirement = {
				kind = upToNextMajorVersion;
				minimumVersion = 8.3.2;
			};
		};
/* End XCRemoteSwiftPackageReference section */

/* Begin XCSwiftPackageProductDependency section */
		300A6C982DDD70AC00F93806 /* SnapKit */ = {
			isa = XCSwiftPackageProductDependency;
			package = 300A6C972DDD70AC00F93806 /* XCRemoteSwiftPackageReference "SnapKit" */;
			productName = SnapKit;
		};
		300A6C9A2DDD70AC00F93806 /* SnapKit-Dynamic */ = {
			isa = XCSwiftPackageProductDependency;
			package = 300A6C972DDD70AC00F93806 /* XCRemoteSwiftPackageReference "SnapKit" */;
			productName = "SnapKit-Dynamic";
		};
		306CE1DE2DE3B13A005F2A83 /* Kingfisher */ = {
			isa = XCSwiftPackageProductDependency;
			package = 306CE1DD2DE3B13A005F2A83 /* XCRemoteSwiftPackageReference "Kingfisher" */;
			productName = Kingfisher;
		};
/* End XCSwiftPackageProductDependency section */

/* Begin XCVersionGroup section */
		300A6C652DDD6FAF00F93806 /* MeliChallengeiOS.xcdatamodeld */ = {
			isa = XCVersionGroup;
			children = (
				300A6C662DDD6FAF00F93806 /* MeliChallengeiOS.xcdatamodel */,
			);
			currentVersion = 300A6C662DDD6FAF00F93806 /* MeliChallengeiOS.xcdatamodel */;
			path = MeliChallengeiOS.xcdatamodeld;
			sourceTree = "<group>";
			versionGroupType = wrapper.xcdatamodel;
		};
/* End XCVersionGroup section */
	};
	rootObject = 300A6C512DDD6FAF00F93806 /* Project object */;
}
